
Microsoft Visual Studio Solution File, Format Version 12.00
# Visual Studio 15
VisualStudioVersion = 15.0.27130.2024
MinimumVisualStudioVersion = 10.0.40219.1
Project("{FAE04EC0-301F-11D3-BF4B-00C04F79EFBC}") = "WebApp1", "WebApp1\WebApp1.csproj", "{1027D6D1-0338-4F83-BFC8-B5CFF723E595}"
EndProject
Project("{FAE04EC0-301F-11D3-BF4B-00C04F79EFBC}") = "WebApp1.Tests", "WebApp1.Tests\WebApp1.Tests.csproj", "{C04351F6-15C4-4665-B9AC-72DEDE74A54C}"
EndProject
Global
	GlobalSection(SolutionConfigurationPlatforms) = preSolution
		Debug|Any CPU = Debug|Any CPU
		Release|Any CPU = Release|Any CPU
	EndGlobalSection
	GlobalSection(ProjectConfigurationPlatforms) = postSolution
		{1027D6D1-0338-4F83-BFC8-B5CFF723E595}.Debug|Any CPU.ActiveCfg = Debug|Any CPU
		{1027D6D1-0338-4F83-BFC8-B5CFF723E595}.Debug|Any CPU.Build.0 = Debug|Any CPU
		{1027D6D1-0338-4F83-BFC8-B5CFF723E595}.Release|Any CPU.ActiveCfg = Release|Any CPU
		{1027D6D1-0338-4F83-BFC8-B5CFF723E595}.Release|Any CPU.Build.0 = Release|Any CPU
		{C04351F6-15C4-4665-B9AC-72DEDE74A54C}.Debug|Any CPU.ActiveCfg = Debug|Any CPU
		{C04351F6-15C4-4665-B9AC-72DEDE74A54C}.Debug|Any CPU.Build.0 = Debug|Any CPU
		{C04351F6-15C4-4665-B9AC-72DEDE74A54C}.Release|Any CPU.ActiveCfg = Release|Any CPU
		{C04351F6-15C4-4665-B9AC-72DEDE74A54C}.Release|Any CPU.Build.0 = Release|Any CPU
	EndGlobalSection
	GlobalSection(SolutionProperties) = preSolution
		HideSolutionNode = FALSE
	EndGlobalSection
	GlobalSection(ExtensibilityGlobals) = postSolution
		SolutionGuid = {083C1FEB-C82B-406D-8145-B96EF23AA549}
	EndGlobalSection
EndGlobal
